
Microsoft Visual Studio Solution File, Format Version 12.00
# Visual Studio 15
Project("{FAE04EC0-301F-11D3-BF4B-00C04F79EFBC}") = "GeometryTasks", "PracticeVectors\GeometryTasks.csproj", "{C44B0A99-9FB7-4EB7-8153-330CD1672DA2}"
EndProject
Global
	GlobalSection(SolutionConfigurationPlatforms) = preSolution
		Debug|Any CPU = Debug|Any CPU
		Release|Any CPU = Release|Any CPU
	EndGlobalSection
	GlobalSection(ProjectConfigurationPlatforms) = postSolution
		{C44B0A99-9FB7-4EB7-8153-330CD1672DA2}.Debug|Any CPU.ActiveCfg = Debug|Any CPU
		{C44B0A99-9FB7-4EB7-8153-330CD1672DA2}.Debug|Any CPU.Build.0 = Debug|Any CPU
		{C44B0A99-9FB7-4EB7-8153-330CD1672DA2}.Release|Any CPU.ActiveCfg = Release|Any CPU
		{C44B0A99-9FB7-4EB7-8153-330CD1672DA2}.Release|Any CPU.Build.0 = Release|Any CPU
	EndGlobalSection
EndGlobal
