
Microsoft Visual Studio Solution File, Format Version 12.00
# Visual Studio 15
Project("{FAE04EC0-301F-11D3-BF4B-00C04F79EFBC}") = "VectorTasks", "VectorTasks\VectorTasks.csproj", "{D4CEEF6C-CC9A-477C-9E70-8A7DFA6867DB}"
EndProject
Global
	GlobalSection(SolutionConfigurationPlatforms) = preSolution
		Debug|Any CPU = Debug|Any CPU
		Release|Any CPU = Release|Any CPU
	EndGlobalSection
	GlobalSection(ProjectConfigurationPlatforms) = postSolution
		{D4CEEF6C-CC9A-477C-9E70-8A7DFA6867DB}.Debug|Any CPU.ActiveCfg = Debug|Any CPU
		{D4CEEF6C-CC9A-477C-9E70-8A7DFA6867DB}.Debug|Any CPU.Build.0 = Debug|Any CPU
		{D4CEEF6C-CC9A-477C-9E70-8A7DFA6867DB}.Release|Any CPU.ActiveCfg = Release|Any CPU
		{D4CEEF6C-CC9A-477C-9E70-8A7DFA6867DB}.Release|Any CPU.Build.0 = Release|Any CPU
	EndGlobalSection
EndGlobal
