
Microsoft Visual Studio Solution File, Format Version 12.00
# Visual Studio Version 16
VisualStudioVersion = 16.0.809.7
MinimumVisualStudioVersion = 10.0.40219.1
Project("{FAE04EC0-301F-11D3-BF4B-00C04F79EFBC}") = "Generics", "Generics\Generics.csproj", "{35589A24-A170-473B-AAD2-FA36D9DFEC97}"
EndProject
Global
	GlobalSection(SolutionConfigurationPlatforms) = preSolution
		Debug|Any CPU = Debug|Any CPU
		Release|Any CPU = Release|Any CPU
	EndGlobalSection
	GlobalSection(ProjectConfigurationPlatforms) = postSolution
		{35589A24-A170-473B-AAD2-FA36D9DFEC97}.Debug|Any CPU.ActiveCfg = Debug|Any CPU
		{35589A24-A170-473B-AAD2-FA36D9DFEC97}.Debug|Any CPU.Build.0 = Debug|Any CPU
		{35589A24-A170-473B-AAD2-FA36D9DFEC97}.Release|Any CPU.ActiveCfg = Release|Any CPU
		{35589A24-A170-473B-AAD2-FA36D9DFEC97}.Release|Any CPU.Build.0 = Release|Any CPU
	EndGlobalSection
	GlobalSection(SolutionProperties) = preSolution
		HideSolutionNode = FALSE
	EndGlobalSection
	GlobalSection(ExtensibilityGlobals) = postSolution
		SolutionGuid = {D6EAB484-8010-4F7E-95ED-0A025E62EE30}
	EndGlobalSection
EndGlobal
