
Microsoft Visual Studio Solution File, Format Version 12.00
# Visual Studio 15
Project("{FAE04EC0-301F-11D3-BF4B-00C04F79EFBC}") = "Dictionary", "Dictionary\Dictionary.csproj", "{B9083F24-293E-4379-A8BB-FB7B8F260FEF}"
EndProject
Project("{FAE04EC0-301F-11D3-BF4B-00C04F79EFBC}") = "Kvur", "Kvur\Kvur.csproj", "{7398B3E7-58F8-4082-A0A5-1DA4B8E74829}"
EndProject
Project("{FAE04EC0-301F-11D3-BF4B-00C04F79EFBC}") = "KvurTests", "KvurTests\KvurTests.csproj", "{42225815-47E0-4F29-A9BE-89AF574ACC21}"
EndProject
Global
	GlobalSection(SolutionConfigurationPlatforms) = preSolution
		Debug|Any CPU = Debug|Any CPU
		Release|Any CPU = Release|Any CPU
	EndGlobalSection
	GlobalSection(ProjectConfigurationPlatforms) = postSolution
		{B9083F24-293E-4379-A8BB-FB7B8F260FEF}.Debug|Any CPU.ActiveCfg = Debug|Any CPU
		{B9083F24-293E-4379-A8BB-FB7B8F260FEF}.Debug|Any CPU.Build.0 = Debug|Any CPU
		{B9083F24-293E-4379-A8BB-FB7B8F260FEF}.Release|Any CPU.ActiveCfg = Release|Any CPU
		{B9083F24-293E-4379-A8BB-FB7B8F260FEF}.Release|Any CPU.Build.0 = Release|Any CPU
		{7398B3E7-58F8-4082-A0A5-1DA4B8E74829}.Debug|Any CPU.ActiveCfg = Debug|Any CPU
		{7398B3E7-58F8-4082-A0A5-1DA4B8E74829}.Debug|Any CPU.Build.0 = Debug|Any CPU
		{7398B3E7-58F8-4082-A0A5-1DA4B8E74829}.Release|Any CPU.ActiveCfg = Release|Any CPU
		{7398B3E7-58F8-4082-A0A5-1DA4B8E74829}.Release|Any CPU.Build.0 = Release|Any CPU
		{42225815-47E0-4F29-A9BE-89AF574ACC21}.Debug|Any CPU.ActiveCfg = Debug|Any CPU
		{42225815-47E0-4F29-A9BE-89AF574ACC21}.Debug|Any CPU.Build.0 = Debug|Any CPU
		{42225815-47E0-4F29-A9BE-89AF574ACC21}.Release|Any CPU.ActiveCfg = Release|Any CPU
		{42225815-47E0-4F29-A9BE-89AF574ACC21}.Release|Any CPU.Build.0 = Release|Any CPU
	EndGlobalSection
EndGlobal
