
Microsoft Visual Studio Solution File, Format Version 12.00
# Visual Studio 15
Project("{FAE04EC0-301F-11D3-BF4B-00C04F79EFBC}") = "цацвыаыа", "цацвыаыа\цацвыаыа.csproj", "{8ACE9341-70F6-4747-9A36-BC9BD7C8252B}"
EndProject
Global
	GlobalSection(SolutionConfigurationPlatforms) = preSolution
		Debug|Any CPU = Debug|Any CPU
		Release|Any CPU = Release|Any CPU
	EndGlobalSection
	GlobalSection(ProjectConfigurationPlatforms) = postSolution
		{8ACE9341-70F6-4747-9A36-BC9BD7C8252B}.Debug|Any CPU.ActiveCfg = Debug|Any CPU
		{8ACE9341-70F6-4747-9A36-BC9BD7C8252B}.Debug|Any CPU.Build.0 = Debug|Any CPU
		{8ACE9341-70F6-4747-9A36-BC9BD7C8252B}.Release|Any CPU.ActiveCfg = Release|Any CPU
		{8ACE9341-70F6-4747-9A36-BC9BD7C8252B}.Release|Any CPU.Build.0 = Release|Any CPU
	EndGlobalSection
EndGlobal
